{
  "name": "lux-example",
  "version": "0.0.1",
  "lockfileVersion": 3,
  "requires": true,
  "packages": {
    "": {
      "name": "lux-example",
      "version": "0.0.1",
      "license": "MIT",
      "dependencies": {
        "@ahriknow/lux": "file:.."
      }
    },
    "..": {
      "name": "@ahriknow/lux",
      "version": "0.0.1",
      "license": "MIT",
      "devDependencies": {
        "@rollup/plugin-terser": "^1.0.0",
        "rollup": "^4.62.2"
      }
    },
    "node_modules/@ahriknow/lux": {
      "resolved": "..",
      "link": true
    }
  }
}
